
Microsoft Visual Studio Solution File, Format Version 12.00
# Visual Studio 2013
VisualStudioVersion = 12.0.31101.0
MinimumVisualStudioVersion = 10.0.40219.1
Project("{FAE04EC0-301F-11D3-BF4B-00C04F79EFBC}") = "PodrozeSluzbowe", "PodrozeSluzbowe\PodrozeSluzbowe.csproj", "{1C3FFE87-DE8F-4B7C-8D3F-E589AE148973}"
EndProject
Project("{FAE04EC0-301F-11D3-BF4B-00C04F79EFBC}") = "GoogleApi", "GoogleApi\GoogleApi.csproj", "{BA7DC597-2DCA-4899-9FB7-C0D9C0514B49}"
EndProject
Project("{FAE04EC0-301F-11D3-BF4B-00C04F79EFBC}") = "Database", "Database\Database.csproj", "{75FE7CD1-61E3-4BDE-9978-54424BB3F447}"
EndProject
Project("{2150E333-8FDC-42A3-9474-1A3956D46DE8}") = "Tests", "Tests", "{0980C291-9E7A-4BC2-ABA9-60EDA2E7CCC0}"
EndProject
Global
	GlobalSection(SolutionConfigurationPlatforms) = preSolution
		Debug|Any CPU = Debug|Any CPU
		Release|Any CPU = Release|Any CPU
	EndGlobalSection
	GlobalSection(ProjectConfigurationPlatforms) = postSolution
		{1C3FFE87-DE8F-4B7C-8D3F-E589AE148973}.Debug|Any CPU.ActiveCfg = Debug|Any CPU
		{1C3FFE87-DE8F-4B7C-8D3F-E589AE148973}.Debug|Any CPU.Build.0 = Debug|Any CPU
		{1C3FFE87-DE8F-4B7C-8D3F-E589AE148973}.Release|Any CPU.ActiveCfg = Release|Any CPU
		{1C3FFE87-DE8F-4B7C-8D3F-E589AE148973}.Release|Any CPU.Build.0 = Release|Any CPU
		{BA7DC597-2DCA-4899-9FB7-C0D9C0514B49}.Debug|Any CPU.ActiveCfg = Debug|Any CPU
		{BA7DC597-2DCA-4899-9FB7-C0D9C0514B49}.Debug|Any CPU.Build.0 = Debug|Any CPU
		{BA7DC597-2DCA-4899-9FB7-C0D9C0514B49}.Release|Any CPU.ActiveCfg = Release|Any CPU
		{BA7DC597-2DCA-4899-9FB7-C0D9C0514B49}.Release|Any CPU.Build.0 = Release|Any CPU
		{75FE7CD1-61E3-4BDE-9978-54424BB3F447}.Debug|Any CPU.ActiveCfg = Debug|Any CPU
		{75FE7CD1-61E3-4BDE-9978-54424BB3F447}.Debug|Any CPU.Build.0 = Debug|Any CPU
		{75FE7CD1-61E3-4BDE-9978-54424BB3F447}.Release|Any CPU.ActiveCfg = Release|Any CPU
		{75FE7CD1-61E3-4BDE-9978-54424BB3F447}.Release|Any CPU.Build.0 = Release|Any CPU
	EndGlobalSection
	GlobalSection(SolutionProperties) = preSolution
		HideSolutionNode = FALSE
	EndGlobalSection
EndGlobal
